
Microsoft Visual Studio Solution File, Format Version 12.00
# Visual Studio Version 16
VisualStudioVersion = 16.0.30011.22
MinimumVisualStudioVersion = 10.0.40219.1
Project("{FAE04EC0-301F-11D3-BF4B-00C04F79EFBC}") = "MyExpenseTracker.UWP", "MyExpenseTracker\MyExpenseTracker.UWP\MyExpenseTracker.UWP.csproj", "{FF4E8CD4-F565-4940-A402-E0317A84E416}"
EndProject
Project("{FAE04EC0-301F-11D3-BF4B-00C04F79EFBC}") = "MyExpenseTracker.Android", "MyExpenseTracker\MyExpenseTracker.Android\MyExpenseTracker.Android.csproj", "{ADCD845B-3433-4109-8B10-B2ED923EA0C0}"
EndProject
Project("{FAE04EC0-301F-11D3-BF4B-00C04F79EFBC}") = "MyExpenseTracker.iOS", "MyExpenseTracker\MyExpenseTracker.iOS\MyExpenseTracker.iOS.csproj", "{F0067C7F-9EAD-4481-A5FF-D04D23BCFA9F}"
EndProject
Project("{FAE04EC0-301F-11D3-BF4B-00C04F79EFBC}") = "MyExpenseTracker", "MyExpenseTracker\MyExpenseTracker\MyExpenseTracker.csproj", "{5BCFF87E-740E-49A8-8CAB-BEB20A2DAD22}"
EndProject
Global
	GlobalSection(SolutionConfigurationPlatforms) = preSolution
		Debug|Any CPU = Debug|Any CPU
		Debug|ARM = Debug|ARM
		Debug|iPhone = Debug|iPhone
		Debug|iPhoneSimulator = Debug|iPhoneSimulator
		Debug|x64 = Debug|x64
		Debug|x86 = Debug|x86
		Release|Any CPU = Release|Any CPU
		Release|ARM = Release|ARM
		Release|iPhone = Release|iPhone
		Release|iPhoneSimulator = Release|iPhoneSimulator
		Release|x64 = Release|x64
		Release|x86 = Release|x86
	EndGlobalSection
	GlobalSection(ProjectConfigurationPlatforms) = postSolution
		{FF4E8CD4-F565-4940-A402-E0317A84E416}.Debug|Any CPU.ActiveCfg = Debug|x86
		{FF4E8CD4-F565-4940-A402-E0317A84E416}.Debug|Any CPU.Build.0 = Debug|x86
		{FF4E8CD4-F565-4940-A402-E0317A84E416}.Debug|Any CPU.Deploy.0 = Debug|x86
		{FF4E8CD4-F565-4940-A402-E0317A84E416}.Debug|ARM.ActiveCfg = Debug|ARM
		{FF4E8CD4-F565-4940-A402-E0317A84E416}.Debug|ARM.Build.0 = Debug|ARM
		{FF4E8CD4-F565-4940-A402-E0317A84E416}.Debug|ARM.Deploy.0 = Debug|ARM
		{FF4E8CD4-F565-4940-A402-E0317A84E416}.Debug|iPhone.ActiveCfg = Debug|x86
		{FF4E8CD4-F565-4940-A402-E0317A84E416}.Debug|iPhone.Build.0 = Debug|x86
		{FF4E8CD4-F565-4940-A402-E0317A84E416}.Debug|iPhone.Deploy.0 = Debug|x86
		{FF4E8CD4-F565-4940-A402-E0317A84E416}.Debug|iPhoneSimulator.ActiveCfg = Debug|x86
		{FF4E8CD4-F565-4940-A402-E0317A84E416}.Debug|iPhoneSimulator.Build.0 = Debug|x86
		{FF4E8CD4-F565-4940-A402-E0317A84E416}.Debug|iPhoneSimulator.Deploy.0 = Debug|x86
		{FF4E8CD4-F565-4940-A402-E0317A84E416}.Debug|x64.ActiveCfg = Debug|x64
		{FF4E8CD4-F565-4940-A402-E0317A84E416}.Debug|x64.Build.0 = Debug|x64
		{FF4E8CD4-F565-4940-A402-E0317A84E416}.Debug|x64.Deploy.0 = Debug|x64
		{FF4E8CD4-F565-4940-A402-E0317A84E416}.Debug|x86.ActiveCfg = Debug|x86
		{FF4E8CD4-F565-4940-A402-E0317A84E416}.Debug|x86.Build.0 = Debug|x86
		{FF4E8CD4-F565-4940-A402-E0317A84E416}.Debug|x86.Deploy.0 = Debug|x86
		{FF4E8CD4-F565-4940-A402-E0317A84E416}.Release|Any CPU.ActiveCfg = Release|x86
		{FF4E8CD4-F565-4940-A402-E0317A84E416}.Release|Any CPU.Build.0 = Release|x86
		{FF4E8CD4-F565-4940-A402-E0317A84E416}.Release|Any CPU.Deploy.0 = Release|x86
		{FF4E8CD4-F565-4940-A402-E0317A84E416}.Release|ARM.ActiveCfg = Release|ARM
		{FF4E8CD4-F565-4940-A402-E0317A84E416}.Release|ARM.Build.0 = Release|ARM
		{FF4E8CD4-F565-4940-A402-E0317A84E416}.Release|ARM.Deploy.0 = Release|ARM
		{FF4E8CD4-F565-4940-A402-E0317A84E416}.Release|iPhone.ActiveCfg = Release|x86
		{FF4E8CD4-F565-4940-A402-E0317A84E416}.Release|iPhone.Build.0 = Release|x86
		{FF4E8CD4-F565-4940-A402-E0317A84E416}.Release|iPhone.Deploy.0 = Release|x86
		{FF4E8CD4-F565-4940-A402-E0317A84E416}.Release|iPhoneSimulator.ActiveCfg = Release|x86
		{FF4E8CD4-F565-4940-A402-E0317A84E416}.Release|iPhoneSimulator.Build.0 = Release|x86
		{FF4E8CD4-F565-4940-A402-E0317A84E416}.Release|iPhoneSimulator.Deploy.0 = Release|x86
		{FF4E8CD4-F565-4940-A402-E0317A84E416}.Release|x64.ActiveCfg = Release|x64
		{FF4E8CD4-F565-4940-A402-E0317A84E416}.Release|x64.Build.0 = Release|x64
		{FF4E8CD4-F565-4940-A402-E0317A84E416}.Release|x64.Deploy.0 = Release|x64
		{FF4E8CD4-F565-4940-A402-E0317A84E416}.Release|x86.ActiveCfg = Release|x86
		{FF4E8CD4-F565-4940-A402-E0317A84E416}.Release|x86.Build.0 = Release|x86
		{FF4E8CD4-F565-4940-A402-E0317A84E416}.Release|x86.Deploy.0 = Release|x86
		{ADCD845B-3433-4109-8B10-B2ED923EA0C0}.Debug|Any CPU.ActiveCfg = Debug|Any CPU
		{ADCD845B-3433-4109-8B10-B2ED923EA0C0}.Debug|Any CPU.Build.0 = Debug|Any CPU
		{ADCD845B-3433-4109-8B10-B2ED923EA0C0}.Debug|Any CPU.Deploy.0 = Debug|Any CPU
		{ADCD845B-3433-4109-8B10-B2ED923EA0C0}.Debug|ARM.ActiveCfg = Debug|Any CPU
		{ADCD845B-3433-4109-8B10-B2ED923EA0C0}.Debug|ARM.Build.0 = Debug|Any CPU
		{ADCD845B-3433-4109-8B10-B2ED923EA0C0}.Debug|ARM.Deploy.0 = Debug|Any CPU
		{ADCD845B-3433-4109-8B10-B2ED923EA0C0}.Debug|iPhone.ActiveCfg = Debug|Any CPU
		{ADCD845B-3433-4109-8B10-B2ED923EA0C0}.Debug|iPhone.Build.0 = Debug|Any CPU
		{ADCD845B-3433-4109-8B10-B2ED923EA0C0}.Debug|iPhone.Deploy.0 = Debug|Any CPU
		{ADCD845B-3433-4109-8B10-B2ED923EA0C0}.Debug|iPhoneSimulator.ActiveCfg = Debug|Any CPU
		{ADCD845B-3433-4109-8B10-B2ED923EA0C0}.Debug|iPhoneSimulator.Build.0 = Debug|Any CPU
		{ADCD845B-3433-4109-8B10-B2ED923EA0C0}.Debug|iPhoneSimulator.Deploy.0 = Debug|Any CPU
		{ADCD845B-3433-4109-8B10-B2ED923EA0C0}.Debug|x64.ActiveCfg = Debug|Any CPU
		{ADCD845B-3433-4109-8B10-B2ED923EA0C0}.Debug|x64.Build.0 = Debug|Any CPU
		{ADCD845B-3433-4109-8B10-B2ED923EA0C0}.Debug|x64.Deploy.0 = Debug|Any CPU
		{ADCD845B-3433-4109-8B10-B2ED923EA0C0}.Debug|x86.ActiveCfg = Debug|Any CPU
		{ADCD845B-3433-4109-8B10-B2ED923EA0C0}.Debug|x86.Build.0 = Debug|Any CPU
		{ADCD845B-3433-4109-8B10-B2ED923EA0C0}.Debug|x86.Deploy.0 = Debug|Any CPU
		{ADCD845B-3433-4109-8B10-B2ED923EA0C0}.Release|Any CPU.ActiveCfg = Release|Any CPU
		{ADCD845B-3433-4109-8B10-B2ED923EA0C0}.Release|Any CPU.Build.0 = Release|Any CPU
		{ADCD845B-3433-4109-8B10-B2ED923EA0C0}.Release|Any CPU.Deploy.0 = Release|Any CPU
		{ADCD845B-3433-4109-8B10-B2ED923EA0C0}.Release|ARM.ActiveCfg = Release|Any CPU
		{ADCD845B-3433-4109-8B10-B2ED923EA0C0}.Release|ARM.Build.0 = Release|Any CPU
		{ADCD845B-3433-4109-8B10-B2ED923EA0C0}.Release|ARM.Deploy.0 = Release|Any CPU
		{ADCD845B-3433-4109-8B10-B2ED923EA0C0}.Release|iPhone.ActiveCfg = Release|Any CPU
		{ADCD845B-3433-4109-8B10-B2ED923EA0C0}.Release|iPhone.Build.0 = Release|Any CPU
		{ADCD845B-3433-4109-8B10-B2ED923EA0C0}.Release|iPhone.Deploy.0 = Release|Any CPU
		{ADCD845B-3433-4109-8B10-B2ED923EA0C0}.Release|iPhoneSimulator.ActiveCfg = Release|Any CPU
		{ADCD845B-3433-4109-8B10-B2ED923EA0C0}.Release|iPhoneSimulator.Build.0 = Release|Any CPU
		{ADCD845B-3433-4109-8B10-B2ED923EA0C0}.Release|iPhoneSimulator.Deploy.0 = Release|Any CPU
		{ADCD845B-3433-4109-8B10-B2ED923EA0C0}.Release|x64.ActiveCfg = Release|Any CPU
		{ADCD845B-3433-4109-8B10-B2ED923EA0C0}.Release|x64.Build.0 = Release|Any CPU
		{ADCD845B-3433-4109-8B10-B2ED923EA0C0}.Release|x64.Deploy.0 = Release|Any CPU
		{ADCD845B-3433-4109-8B10-B2ED923EA0C0}.Release|x86.ActiveCfg = Release|Any CPU
		{ADCD845B-3433-4109-8B10-B2ED923EA0C0}.Release|x86.Build.0 = Release|Any CPU
		{ADCD845B-3433-4109-8B10-B2ED923EA0C0}.Release|x86.Deploy.0 = Release|Any CPU
		{F0067C7F-9EAD-4481-A5FF-D04D23BCFA9F}.Debug|Any CPU.ActiveCfg = Debug|iPhone
		{F0067C7F-9EAD-4481-A5FF-D04D23BCFA9F}.Debug|Any CPU.Build.0 = Debug|iPhone
		{F0067C7F-9EAD-4481-A5FF-D04D23BCFA9F}.Debug|Any CPU.Deploy.0 = Debug|iPhone
		{F0067C7F-9EAD-4481-A5FF-D04D23BCFA9F}.Debug|ARM.ActiveCfg = Debug|iPhone
		{F0067C7F-9EAD-4481-A5FF-D04D23BCFA9F}.Debug|ARM.Build.0 = Debug|iPhone
		{F0067C7F-9EAD-4481-A5FF-D04D23BCFA9F}.Debug|ARM.Deploy.0 = Debug|iPhone
		{F0067C7F-9EAD-4481-A5FF-D04D23BCFA9F}.Debug|iPhone.ActiveCfg = Debug|iPhone
		{F0067C7F-9EAD-4481-A5FF-D04D23BCFA9F}.Debug|iPhone.Build.0 = Debug|iPhone
		{F0067C7F-9EAD-4481-A5FF-D04D23BCFA9F}.Debug|iPhone.Deploy.0 = Debug|iPhone
		{F0067C7F-9EAD-4481-A5FF-D04D23BCFA9F}.Debug|iPhoneSimulator.ActiveCfg = Debug|iPhoneSimulator
		{F0067C7F-9EAD-4481-A5FF-D04D23BCFA9F}.Debug|iPhoneSimulator.Build.0 = Debug|iPhoneSimulator
		{F0067C7F-9EAD-4481-A5FF-D04D23BCFA9F}.Debug|iPhoneSimulator.Deploy.0 = Debug|iPhoneSimulator
		{F0067C7F-9EAD-4481-A5FF-D04D23BCFA9F}.Debug|x64.ActiveCfg = Debug|iPhone
		{F0067C7F-9EAD-4481-A5FF-D04D23BCFA9F}.Debug|x64.Build.0 = Debug|iPhone
		{F0067C7F-9EAD-4481-A5FF-D04D23BCFA9F}.Debug|x64.Deploy.0 = Debug|iPhone
		{F0067C7F-9EAD-4481-A5FF-D04D23BCFA9F}.Debug|x86.ActiveCfg = Debug|iPhone
		{F0067C7F-9EAD-4481-A5FF-D04D23BCFA9F}.Debug|x86.Build.0 = Debug|iPhone
		{F0067C7F-9EAD-4481-A5FF-D04D23BCFA9F}.Debug|x86.Deploy.0 = Debug|iPhone
		{F0067C7F-9EAD-4481-A5FF-D04D23BCFA9F}.Release|Any CPU.ActiveCfg = Release|iPhone
		{F0067C7F-9EAD-4481-A5FF-D04D23BCFA9F}.Release|Any CPU.Build.0 = Release|iPhone
		{F0067C7F-9EAD-4481-A5FF-D04D23BCFA9F}.Release|Any CPU.Deploy.0 = Release|iPhone
		{F0067C7F-9EAD-4481-A5FF-D04D23BCFA9F}.Release|ARM.ActiveCfg = Release|iPhone
		{F0067C7F-9EAD-4481-A5FF-D04D23BCFA9F}.Release|ARM.Build.0 = Release|iPhone
		{F0067C7F-9EAD-4481-A5FF-D04D23BCFA9F}.Release|ARM.Deploy.0 = Release|iPhone
		{F0067C7F-9EAD-4481-A5FF-D04D23BCFA9F}.Release|iPhone.ActiveCfg = Release|iPhone
		{F0067C7F-9EAD-4481-A5FF-D04D23BCFA9F}.Release|iPhone.Build.0 = Release|iPhone
		{F0067C7F-9EAD-4481-A5FF-D04D23BCFA9F}.Release|iPhone.Deploy.0 = Release|iPhone
		{F0067C7F-9EAD-4481-A5FF-D04D23BCFA9F}.Release|iPhoneSimulator.ActiveCfg = Release|iPhoneSimulator
		{F0067C7F-9EAD-4481-A5FF-D04D23BCFA9F}.Release|iPhoneSimulator.Build.0 = Release|iPhoneSimulator
		{F0067C7F-9EAD-4481-A5FF-D04D23BCFA9F}.Release|iPhoneSimulator.Deploy.0 = Release|iPhoneSimulator
		{F0067C7F-9EAD-4481-A5FF-D04D23BCFA9F}.Release|x64.ActiveCfg = Release|iPhone
		{F0067C7F-9EAD-4481-A5FF-D04D23BCFA9F}.Release|x64.Build.0 = Release|iPhone
		{F0067C7F-9EAD-4481-A5FF-D04D23BCFA9F}.Release|x64.Deploy.0 = Release|iPhone
		{F0067C7F-9EAD-4481-A5FF-D04D23BCFA9F}.Release|x86.ActiveCfg = Release|iPhone
		{F0067C7F-9EAD-4481-A5FF-D04D23BCFA9F}.Release|x86.Build.0 = Release|iPhone
		{F0067C7F-9EAD-4481-A5FF-D04D23BCFA9F}.Release|x86.Deploy.0 = Release|iPhone
		{5BCFF87E-740E-49A8-8CAB-BEB20A2DAD22}.Debug|Any CPU.ActiveCfg = Debug|Any CPU
		{5BCFF87E-740E-49A8-8CAB-BEB20A2DAD22}.Debug|Any CPU.Build.0 = Debug|Any CPU
		{5BCFF87E-740E-49A8-8CAB-BEB20A2DAD22}.Debug|Any CPU.Deploy.0 = Debug|Any CPU
		{5BCFF87E-740E-49A8-8CAB-BEB20A2DAD22}.Debug|ARM.ActiveCfg = Debug|Any CPU
		{5BCFF87E-740E-49A8-8CAB-BEB20A2DAD22}.Debug|ARM.Build.0 = Debug|Any CPU
		{5BCFF87E-740E-49A8-8CAB-BEB20A2DAD22}.Debug|ARM.Deploy.0 = Debug|Any CPU
		{5BCFF87E-740E-49A8-8CAB-BEB20A2DAD22}.Debug|iPhone.ActiveCfg = Debug|Any CPU
		{5BCFF87E-740E-49A8-8CAB-BEB20A2DAD22}.Debug|iPhone.Build.0 = Debug|Any CPU
		{5BCFF87E-740E-49A8-8CAB-BEB20A2DAD22}.Debug|iPhone.Deploy.0 = Debug|Any CPU
		{5BCFF87E-740E-49A8-8CAB-BEB20A2DAD22}.Debug|iPhoneSimulator.ActiveCfg = Debug|Any CPU
		{5BCFF87E-740E-49A8-8CAB-BEB20A2DAD22}.Debug|iPhoneSimulator.Build.0 = Debug|Any CPU
		{5BCFF87E-740E-49A8-8CAB-BEB20A2DAD22}.Debug|iPhoneSimulator.Deploy.0 = Debug|Any CPU
		{5BCFF87E-740E-49A8-8CAB-BEB20A2DAD22}.Debug|x64.ActiveCfg = Debug|Any CPU
		{5BCFF87E-740E-49A8-8CAB-BEB20A2DAD22}.Debug|x64.Build.0 = Debug|Any CPU
		{5BCFF87E-740E-49A8-8CAB-BEB20A2DAD22}.Debug|x64.Deploy.0 = Debug|Any CPU
		{5BCFF87E-740E-49A8-8CAB-BEB20A2DAD22}.Debug|x86.ActiveCfg = Debug|Any CPU
		{5BCFF87E-740E-49A8-8CAB-BEB20A2DAD22}.Debug|x86.Build.0 = Debug|Any CPU
		{5BCFF87E-740E-49A8-8CAB-BEB20A2DAD22}.Debug|x86.Deploy.0 = Debug|Any CPU
		{5BCFF87E-740E-49A8-8CAB-BEB20A2DAD22}.Release|Any CPU.ActiveCfg = Release|Any CPU
		{5BCFF87E-740E-49A8-8CAB-BEB20A2DAD22}.Release|Any CPU.Build.0 = Release|Any CPU
		{5BCFF87E-740E-49A8-8CAB-BEB20A2DAD22}.Release|Any CPU.Deploy.0 = Release|Any CPU
		{5BCFF87E-740E-49A8-8CAB-BEB20A2DAD22}.Release|ARM.ActiveCfg = Release|Any CPU
		{5BCFF87E-740E-49A8-8CAB-BEB20A2DAD22}.Release|ARM.Build.0 = Release|Any CPU
		{5BCFF87E-740E-49A8-8CAB-BEB20A2DAD22}.Release|ARM.Deploy.0 = Release|Any CPU
		{5BCFF87E-740E-49A8-8CAB-BEB20A2DAD22}.Release|iPhone.ActiveCfg = Release|Any CPU
		{5BCFF87E-740E-49A8-8CAB-BEB20A2DAD22}.Release|iPhone.Build.0 = Release|Any CPU
		{5BCFF87E-740E-49A8-8CAB-BEB20A2DAD22}.Release|iPhone.Deploy.0 = Release|Any CPU
		{5BCFF87E-740E-49A8-8CAB-BEB20A2DAD22}.Release|iPhoneSimulator.ActiveCfg = Release|Any CPU
		{5BCFF87E-740E-49A8-8CAB-BEB20A2DAD22}.Release|iPhoneSimulator.Build.0 = Release|Any CPU
		{5BCFF87E-740E-49A8-8CAB-BEB20A2DAD22}.Release|iPhoneSimulator.Deploy.0 = Release|Any CPU
		{5BCFF87E-740E-49A8-8CAB-BEB20A2DAD22}.Release|x64.ActiveCfg = Release|Any CPU
		{5BCFF87E-740E-49A8-8CAB-BEB20A2DAD22}.Release|x64.Build.0 = Release|Any CPU
		{5BCFF87E-740E-49A8-8CAB-BEB20A2DAD22}.Release|x64.Deploy.0 = Release|Any CPU
		{5BCFF87E-740E-49A8-8CAB-BEB20A2DAD22}.Release|x86.ActiveCfg = Release|Any CPU
		{5BCFF87E-740E-49A8-8CAB-BEB20A2DAD22}.Release|x86.Build.0 = Release|Any CPU
		{5BCFF87E-740E-49A8-8CAB-BEB20A2DAD22}.Release|x86.Deploy.0 = Release|Any CPU
	EndGlobalSection
	GlobalSection(SolutionProperties) = preSolution
		HideSolutionNode = FALSE
	EndGlobalSection
	GlobalSection(ExtensibilityGlobals) = postSolution
		SolutionGuid = {D89B2043-D67C-4B94-A13D-2F7DF0BEF24D}
	EndGlobalSection
EndGlobal
